
Microsoft Visual Studio Solution File, Format Version 12.00
# Visual Studio Version 17
VisualStudioVersion = 17.4.33205.214
MinimumVisualStudioVersion = 10.0.40219.1
Project("{FAE04EC0-301F-11D3-BF4B-00C04F79EFBC}") = "FindMaxGenerics", "FindMaxGenerics\FindMaxGenerics.csproj", "{468C0465-7D09-4A0E-8CEB-49E09710F250}"
EndProject
Global
	GlobalSection(SolutionConfigurationPlatforms) = preSolution
		Debug|Any CPU = Debug|Any CPU
		Release|Any CPU = Release|Any CPU
	EndGlobalSection
	GlobalSection(ProjectConfigurationPlatforms) = postSolution
		{468C0465-7D09-4A0E-8CEB-49E09710F250}.Debug|Any CPU.ActiveCfg = Debug|Any CPU
		{468C0465-7D09-4A0E-8CEB-49E09710F250}.Debug|Any CPU.Build.0 = Debug|Any CPU
		{468C0465-7D09-4A0E-8CEB-49E09710F250}.Release|Any CPU.ActiveCfg = Release|Any CPU
		{468C0465-7D09-4A0E-8CEB-49E09710F250}.Release|Any CPU.Build.0 = Release|Any CPU
	EndGlobalSection
	GlobalSection(SolutionProperties) = preSolution
		HideSolutionNode = FALSE
	EndGlobalSection
	GlobalSection(ExtensibilityGlobals) = postSolution
		SolutionGuid = {DE1E55CD-B143-4A67-93A3-71AC0BFF8C6A}
	EndGlobalSection
EndGlobal
